
Microsoft Visual Studio Solution File, Format Version 12.00
# Visual Studio Version 17
VisualStudioVersion = 17.7.34009.444
MinimumVisualStudioVersion = 10.0.40219.1
Project("{FAE04EC0-301F-11D3-BF4B-00C04F79EFBC}") = "OnlineBrief24", "OnlineBrief24.csproj", "{BE991BF9-72B6-4139-8E77-16ED8F7D95F9}"
EndProject
Global
	GlobalSection(SolutionConfigurationPlatforms) = preSolution
		Debug|Any CPU = Debug|Any CPU
		Release|Any CPU = Release|Any CPU
	EndGlobalSection
	GlobalSection(ProjectConfigurationPlatforms) = postSolution
		{BE991BF9-72B6-4139-8E77-16ED8F7D95F9}.Debug|Any CPU.ActiveCfg = Debug|Any CPU
		{BE991BF9-72B6-4139-8E77-16ED8F7D95F9}.Debug|Any CPU.Build.0 = Debug|Any CPU
		{BE991BF9-72B6-4139-8E77-16ED8F7D95F9}.Release|Any CPU.ActiveCfg = Release|Any CPU
		{BE991BF9-72B6-4139-8E77-16ED8F7D95F9}.Release|Any CPU.Build.0 = Release|Any CPU
	EndGlobalSection
	GlobalSection(SolutionProperties) = preSolution
		HideSolutionNode = FALSE
	EndGlobalSection
	GlobalSection(ExtensibilityGlobals) = postSolution
		SolutionGuid = {8D3BC91F-75F8-4382-9831-B1AADE61630B}
	EndGlobalSection
EndGlobal
